
Microsoft Visual Studio Solution File, Format Version 12.00
# Visual Studio Version 17
VisualStudioVersion = 17.9.34701.34
MinimumVisualStudioVersion = 10.0.40219.1
Project("{FAE04EC0-301F-11D3-BF4B-00C04F79EFBC}") = "RegistrationApp", "RegistrationApp\RegistrationApp.csproj", "{FB06B3D6-B6C6-4A85-9FDE-44D74569022F}"
EndProject
Global
	GlobalSection(SolutionConfigurationPlatforms) = preSolution
		Debug|Any CPU = Debug|Any CPU
		Release|Any CPU = Release|Any CPU
	EndGlobalSection
	GlobalSection(ProjectConfigurationPlatforms) = postSolution
		{FB06B3D6-B6C6-4A85-9FDE-44D74569022F}.Debug|Any CPU.ActiveCfg = Debug|Any CPU
		{FB06B3D6-B6C6-4A85-9FDE-44D74569022F}.Debug|Any CPU.Build.0 = Debug|Any CPU
		{FB06B3D6-B6C6-4A85-9FDE-44D74569022F}.Release|Any CPU.ActiveCfg = Release|Any CPU
		{FB06B3D6-B6C6-4A85-9FDE-44D74569022F}.Release|Any CPU.Build.0 = Release|Any CPU
	EndGlobalSection
	GlobalSection(SolutionProperties) = preSolution
		HideSolutionNode = FALSE
	EndGlobalSection
	GlobalSection(ExtensibilityGlobals) = postSolution
		SolutionGuid = {2A4DD3A1-7768-42F4-8F08-7BCE0407DAD2}
	EndGlobalSection
EndGlobal
